# This file is automatically @generated by Cargo.
# It is not intended for manual editing.
version = 4

[[package]]
name = "glam"
version = "0.30.5"
source = "registry+https://github.com/rust-lang/crates.io-index"
checksum = "f2d1aab06663bdce00d6ca5e5ed586ec8d18033a771906c993a1e3755b368d85"

[[package]]
name = "nobonk"
version = "0.9.4"
dependencies = [
 "glam",
]
